<?xml version="1.0" encoding="utf-8"?>
<Project ToolsVersion="4.0" xmlns="http://schemas.microsoft.com/developer/msbuild/2003">
  <ItemGroup>
    <Filter Include="Source Files">
      <UniqueIdentifier>{4FC737F1-C7A5-4376-A066-2A32D752A2FF}</UniqueIdentifier>
      <Extensions>cpp;c;cc;cxx;def;odl;idl;hpj;bat;asm;asmx</Extensions>
    </Filter>
    <Filter Include="Header Files">
      <UniqueIdentifier>{93995380-89BD-4b04-88EB-625FBE52EBFB}</UniqueIdentifier>
      <Extensions>h;hh;hpp;hxx;hm;inl;inc;ipp;xsd</Extensions>
    </Filter>
    <Filter Include="Resource Files">
      <UniqueIdentifier>{67DA6AB6-F800-4c08-8B7A-83BB121AAD01}</UniqueIdentifier>
      <Extensions>rc;ico;cur;bmp;dlg;rc2;rct;bin;rgs;gif;jpg;jpeg;jpe;resx;tiff;tif;png;wav;mfcribbon-ms</Extensions>
    </Filter>
  </ItemGroup>
  <ItemGroup>
    <ClCompile Include="EratosTenes_And_6588.cpp">
      <Filter>Source Files</Filter>
    </ClCompile>
    <ClCompile Include="골드바흐의 추측6588.cpp">
      <Filter>Source Files</Filter>
    </ClCompile>
    <ClCompile Include="소수 찾기1978.cpp">
      <Filter>Source Files</Filter>
    </ClCompile>
    <ClCompile Include="최소공배수BJ_1934.cpp">
      <Filter>Source Files</Filter>
    </ClCompile>
    <ClCompile Include="최대공약수와 최소공배BJ_2609.cpp">
      <Filter>Source Files</Filter>
    </ClCompile>
    <ClCompile Include="GCD 합BJ_9613.cpp">
      <Filter>Source Files</Filter>
    </ClCompile>
    <ClCompile Include="my_bad_6588.cpp">
      <Filter>Source Files</Filter>
    </ClCompile>
    <ClCompile Include="..\BJ_Algorithm_DYNAMIC_PROGRAMING\터렛 1002.cpp">
      <Filter>Source Files</Filter>
    </ClCompile>
    <ClCompile Include="평균 1546.cpp">
      <Filter>Source Files</Filter>
    </ClCompile>
    <ClCompile Include="이게 분수 2863.cpp">
      <Filter>Source Files</Filter>
    </ClCompile>
    <ClCompile Include="5와 6의 차이 2864.cpp">
      <Filter>Source Files</Filter>
    </ClCompile>
    <ClCompile Include="..\BJ_Algorithm_BRUTE_FORCE\고려대는 공식 와인이 있다16673.cpp">
      <Filter>Source Files</Filter>
    </ClCompile>
    <ClCompile Include="소수 2581.cpp">
      <Filter>Source Files</Filter>
    </ClCompile>
    <ClCompile Include="수들의 합 2018.cpp">
      <Filter>Source Files</Filter>
    </ClCompile>
    <ClCompile Include="분수찾기 1193.cpp">
      <Filter>Source Files</Filter>
    </ClCompile>
    <ClCompile Include="완전제곱수 1977.cpp">
      <Filter>Source Files</Filter>
    </ClCompile>
    <ClCompile Include="더하기사이클 1110.cpp">
      <Filter>Source Files</Filter>
    </ClCompile>
    <ClCompile Include="평균 점수 10039.cpp">
      <Filter>Source Files</Filter>
    </ClCompile>
    <ClCompile Include="2의 제곱인가 11966.cpp">
      <Filter>Source Files</Filter>
    </ClCompile>
    <ClCompile Include="TV 크기 1297.cpp">
      <Filter>Source Files</Filter>
    </ClCompile>
    <ClCompile Include="나3곱2 16936.cpp">
      <Filter>Source Files</Filter>
    </ClCompile>
    <ClCompile Include="수빈이와 수열 10539.cpp">
      <Filter>Source Files</Filter>
    </ClCompile>
    <ClCompile Include="01타일 1904.cpp">
      <Filter>Source Files</Filter>
    </ClCompile>
    <ClCompile Include="실패 칵테일 1033.cpp">
      <Filter>Source Files</Filter>
    </ClCompile>
  </ItemGroup>
</Project>