
Microsoft Visual Studio Solution File, Format Version 12.00
# Visual Studio 15
VisualStudioVersion = 15.0.28010.2016
MinimumVisualStudioVersion = 10.0.40219.1
Project("{8BC9CEB8-8B4A-11D0-8D11-00A0C91BC942}") = "BJ_Algorithm_MATH", "Algorithm_Insight\Algorithm_Insight.vcxproj", "{EB8F5EAA-82D3-402D-8951-EDD1EA32A0F8}"
EndProject
Project("{8BC9CEB8-8B4A-11D0-8D11-00A0C91BC942}") = "알고리즘 문제해결전략", "알고리즘 문제해결전략\알고리즘 문제해결전략.vcxproj", "{6BC785A7-4C54-4650-9FBF-4F3AB3C4A08D}"
EndProject
Project("{8BC9CEB8-8B4A-11D0-8D11-00A0C91BC942}") = "BJ_Algorithm_BRUTE_FORCE", "BJ_Algorithm_BRUTE_FORCE\BJ_Algorithm_BRUTE_FORCE.vcxproj", "{AA6CBA1F-5C6A-410E-85CA-C4E76163EB0A}"
EndProject
Project("{8BC9CEB8-8B4A-11D0-8D11-00A0C91BC942}") = "BJ_Algorithm_N_M", "BJ_Algorithm_N_M\BJ_Algorithm_N_M.vcxproj", "{AF01A773-A989-414C-9E13-85DA4CDF117F}"
EndProject
Project("{8BC9CEB8-8B4A-11D0-8D11-00A0C91BC942}") = "BJ_Algorithm_GRAPH_BFS", "BJ_Algorithm_GRAPH\BJ_Algorithm_GRAPH.vcxproj", "{4F290B3B-2A38-4B9E-A767-C8C196010ABB}"
EndProject
Project("{8BC9CEB8-8B4A-11D0-8D11-00A0C91BC942}") = "BJ_Algorithm_DYNAMIC_PROGRAMING", "BJ_Algorithm_DYNAMIC_PROGRAMING\BJ_Algorithm_DYNAMIC_PROGRAMING.vcxproj", "{08444686-7227-4826-BB68-6DEAD46A17F5}"
EndProject
Project("{8BC9CEB8-8B4A-11D0-8D11-00A0C91BC942}") = "BJ_Algorithm_자료구조", "BJ_Algorithm_자료구조\BJ_Algorithm_자료구조.vcxproj", "{6526F6B7-6F46-4A1F-84FD-29147EDA4801}"
EndProject
Project("{8BC9CEB8-8B4A-11D0-8D11-00A0C91BC942}") = "BJ_Algorithm_LINKED_LIST", "BJ_Algorithm_LINKED_LIST\BJ_Algorithm_LINKED_LIST.vcxproj", "{CC416A83-BDEB-440D-B4E3-75B4CF3859D4}"
EndProject
Project("{8BC9CEB8-8B4A-11D0-8D11-00A0C91BC942}") = "BJ_ALGORITHM_출력", "BJ_ALGORITHM_출력\BJ_ALGORITHM_출력.vcxproj", "{C2CDEC24-575E-4B3C-9B61-DEE5F7077DA3}"
EndProject
Project("{8BC9CEB8-8B4A-11D0-8D11-00A0C91BC942}") = "BJ_Algorithm_GREEDY", "BJ_Algorithm\BJ_Algorithm.vcxproj", "{A9B13715-63F4-4FD4-A177-E78F7123FA8C}"
EndProject
Project("{8BC9CEB8-8B4A-11D0-8D11-00A0C91BC942}") = "BJ_Algorithm_KAKAO", "BJ_Algorithm_KAKAO\BJ_Algorithm_KAKAO.vcxproj", "{5D16A599-7E33-4A7A-AC52-1B19CCC980A4}"
EndProject
Project("{8BC9CEB8-8B4A-11D0-8D11-00A0C91BC942}") = "BJ_Algorithm_문자열", "BJ_Algorithm_문자열\BJ_Algorithm_문자열.vcxproj", "{D3B898EA-17EE-4CEE-B2FA-9AE575EB5C5B}"
EndProject
Project("{8BC9CEB8-8B4A-11D0-8D11-00A0C91BC942}") = "BJ_Algorithm_KOREA_univ", "BJ_Algorithm_KOREA_univ\BJ_Algorithm_KOREA_univ.vcxproj", "{854416E5-DA49-45B3-AEA8-9432FD3ED0C0}"
EndProject
Project("{8BC9CEB8-8B4A-11D0-8D11-00A0C91BC942}") = "BJ_Algorithm_천하제일코딩대회", "BJ_Algorithm_천하제일코딩대회\BJ_Algorithm_천하제일코딩대회.vcxproj", "{FC887403-6247-4829-AAA7-70C7BCF5639C}"
EndProject
Project("{8BC9CEB8-8B4A-11D0-8D11-00A0C91BC942}") = "BJ_Algorithm_정렬", "BJ_Algorithm_정렬\BJ_Algorithm_정렬.vcxproj", "{A4907C94-BD33-4528-9486-35D1368B9273}"
EndProject
Project("{8BC9CEB8-8B4A-11D0-8D11-00A0C91BC942}") = "BJ_Algorithm_TREE", "BJ_Algorithm_TREE\BJ_Algorithm_TREE.vcxproj", "{7A372EE2-B237-436A-8F31-DBB735EEE5D2}"
EndProject
Project("{8BC9CEB8-8B4A-11D0-8D11-00A0C91BC942}") = "BJ_Algorithm_BINARY_SEARCH", "BJ_Algorithm_BINARY_SEARCH\BJ_Algorithm_BINARY_SEARCH.vcxproj", "{1A1764E5-7770-497C-9795-1F0DEA49C13D}"
EndProject
Project("{8BC9CEB8-8B4A-11D0-8D11-00A0C91BC942}") = "BJ_Algorithm_구현", "BJ_Algorithm_구현\BJ_Algorithm_구현.vcxproj", "{0E52B0C8-02E4-4DE5-80A3-2CE7B9981A77}"
EndProject
Project("{8BC9CEB8-8B4A-11D0-8D11-00A0C91BC942}") = "BJ_Algorithm_MATH2", "BJ_Algorithm_MATH2\BJ_Algorithm_MATH2.vcxproj", "{7042A815-1E5C-46B3-A662-A00FE8067352}"
EndProject
Project("{8BC9CEB8-8B4A-11D0-8D11-00A0C91BC942}") = "BJ_Algorithm_CONTEST", "BJ_Algorithm_CONTEST\BJ_Algorithm_CONTEST.vcxproj", "{3800D681-E147-4848-896F-D608DE837A00}"
EndProject
Project("{8BC9CEB8-8B4A-11D0-8D11-00A0C91BC942}") = "BJ_Algorithm_OLYMPIAD_JAPAN", "BJ_Algorithm_OLYMPIAD_JAPAN\BJ_Algorithm_OLYMPIAD_JAPAN.vcxproj", "{39973D14-8234-403D-BE52-721F76ABE468}"
EndProject
Project("{8BC9CEB8-8B4A-11D0-8D11-00A0C91BC942}") = "BJ_Algorithm_DYNAMIC_PROGRAMING2", "BJ_Algorithm_DYNAMIC_PROGRAMING2\BJ_Algorithm_DYNAMIC_PROGRAMING2.vcxproj", "{B743C2FD-D4FB-4B5B-9C20-E61DD9081492}"
EndProject
Project("{8BC9CEB8-8B4A-11D0-8D11-00A0C91BC942}") = "BJ_Algorithm_BRUTE_FORCE2", "BJ_Algorithm_BRUTE_FORCE2\BJ_Algorithm_BRUTE_FORCE2.vcxproj", "{B929CD04-AD4C-4561-B186-3544B9A4C1E6}"
EndProject
Project("{8BC9CEB8-8B4A-11D0-8D11-00A0C91BC942}") = "BJ_Algorithm_TOPOLOGICAL_SORTING", "BJ_Algorithm_TOPOLOGICAL_SORTING\BJ_Algorithm_TOPOLOGICAL_SORTING.vcxproj", "{B594E5AE-AA04-4643-B5DB-912893AF8A23}"
EndProject
Global
	GlobalSection(SolutionConfigurationPlatforms) = preSolution
		Debug|x64 = Debug|x64
		Debug|x86 = Debug|x86
		Release|x64 = Release|x64
		Release|x86 = Release|x86
	EndGlobalSection
	GlobalSection(ProjectConfigurationPlatforms) = postSolution
		{EB8F5EAA-82D3-402D-8951-EDD1EA32A0F8}.Debug|x64.ActiveCfg = Debug|x64
		{EB8F5EAA-82D3-402D-8951-EDD1EA32A0F8}.Debug|x64.Build.0 = Debug|x64
		{EB8F5EAA-82D3-402D-8951-EDD1EA32A0F8}.Debug|x86.ActiveCfg = Debug|Win32
		{EB8F5EAA-82D3-402D-8951-EDD1EA32A0F8}.Debug|x86.Build.0 = Debug|Win32
		{EB8F5EAA-82D3-402D-8951-EDD1EA32A0F8}.Release|x64.ActiveCfg = Release|x64
		{EB8F5EAA-82D3-402D-8951-EDD1EA32A0F8}.Release|x64.Build.0 = Release|x64
		{EB8F5EAA-82D3-402D-8951-EDD1EA32A0F8}.Release|x86.ActiveCfg = Release|Win32
		{EB8F5EAA-82D3-402D-8951-EDD1EA32A0F8}.Release|x86.Build.0 = Release|Win32
		{6BC785A7-4C54-4650-9FBF-4F3AB3C4A08D}.Debug|x64.ActiveCfg = Debug|x64
		{6BC785A7-4C54-4650-9FBF-4F3AB3C4A08D}.Debug|x64.Build.0 = Debug|x64
		{6BC785A7-4C54-4650-9FBF-4F3AB3C4A08D}.Debug|x86.ActiveCfg = Debug|Win32
		{6BC785A7-4C54-4650-9FBF-4F3AB3C4A08D}.Debug|x86.Build.0 = Debug|Win32
		{6BC785A7-4C54-4650-9FBF-4F3AB3C4A08D}.Release|x64.ActiveCfg = Release|x64
		{6BC785A7-4C54-4650-9FBF-4F3AB3C4A08D}.Release|x64.Build.0 = Release|x64
		{6BC785A7-4C54-4650-9FBF-4F3AB3C4A08D}.Release|x86.ActiveCfg = Release|Win32
		{6BC785A7-4C54-4650-9FBF-4F3AB3C4A08D}.Release|x86.Build.0 = Release|Win32
		{AA6CBA1F-5C6A-410E-85CA-C4E76163EB0A}.Debug|x64.ActiveCfg = Debug|x64
		{AA6CBA1F-5C6A-410E-85CA-C4E76163EB0A}.Debug|x64.Build.0 = Debug|x64
		{AA6CBA1F-5C6A-410E-85CA-C4E76163EB0A}.Debug|x86.ActiveCfg = Debug|Win32
		{AA6CBA1F-5C6A-410E-85CA-C4E76163EB0A}.Debug|x86.Build.0 = Debug|Win32
		{AA6CBA1F-5C6A-410E-85CA-C4E76163EB0A}.Release|x64.ActiveCfg = Release|x64
		{AA6CBA1F-5C6A-410E-85CA-C4E76163EB0A}.Release|x64.Build.0 = Release|x64
		{AA6CBA1F-5C6A-410E-85CA-C4E76163EB0A}.Release|x86.ActiveCfg = Release|Win32
		{AA6CBA1F-5C6A-410E-85CA-C4E76163EB0A}.Release|x86.Build.0 = Release|Win32
		{AF01A773-A989-414C-9E13-85DA4CDF117F}.Debug|x64.ActiveCfg = Debug|x64
		{AF01A773-A989-414C-9E13-85DA4CDF117F}.Debug|x64.Build.0 = Debug|x64
		{AF01A773-A989-414C-9E13-85DA4CDF117F}.Debug|x86.ActiveCfg = Debug|Win32
		{AF01A773-A989-414C-9E13-85DA4CDF117F}.Debug|x86.Build.0 = Debug|Win32
		{AF01A773-A989-414C-9E13-85DA4CDF117F}.Release|x64.ActiveCfg = Release|x64
		{AF01A773-A989-414C-9E13-85DA4CDF117F}.Release|x64.Build.0 = Release|x64
		{AF01A773-A989-414C-9E13-85DA4CDF117F}.Release|x86.ActiveCfg = Release|Win32
		{AF01A773-A989-414C-9E13-85DA4CDF117F}.Release|x86.Build.0 = Release|Win32
		{4F290B3B-2A38-4B9E-A767-C8C196010ABB}.Debug|x64.ActiveCfg = Debug|x64
		{4F290B3B-2A38-4B9E-A767-C8C196010ABB}.Debug|x64.Build.0 = Debug|x64
		{4F290B3B-2A38-4B9E-A767-C8C196010ABB}.Debug|x86.ActiveCfg = Debug|Win32
		{4F290B3B-2A38-4B9E-A767-C8C196010ABB}.Debug|x86.Build.0 = Debug|Win32
		{4F290B3B-2A38-4B9E-A767-C8C196010ABB}.Release|x64.ActiveCfg = Release|x64
		{4F290B3B-2A38-4B9E-A767-C8C196010ABB}.Release|x64.Build.0 = Release|x64
		{4F290B3B-2A38-4B9E-A767-C8C196010ABB}.Release|x86.ActiveCfg = Release|Win32
		{4F290B3B-2A38-4B9E-A767-C8C196010ABB}.Release|x86.Build.0 = Release|Win32
		{08444686-7227-4826-BB68-6DEAD46A17F5}.Debug|x64.ActiveCfg = Debug|x64
		{08444686-7227-4826-BB68-6DEAD46A17F5}.Debug|x64.Build.0 = Debug|x64
		{08444686-7227-4826-BB68-6DEAD46A17F5}.Debug|x86.ActiveCfg = Debug|Win32
		{08444686-7227-4826-BB68-6DEAD46A17F5}.Debug|x86.Build.0 = Debug|Win32
		{08444686-7227-4826-BB68-6DEAD46A17F5}.Release|x64.ActiveCfg = Release|x64
		{08444686-7227-4826-BB68-6DEAD46A17F5}.Release|x64.Build.0 = Release|x64
		{08444686-7227-4826-BB68-6DEAD46A17F5}.Release|x86.ActiveCfg = Release|Win32
		{08444686-7227-4826-BB68-6DEAD46A17F5}.Release|x86.Build.0 = Release|Win32
		{6526F6B7-6F46-4A1F-84FD-29147EDA4801}.Debug|x64.ActiveCfg = Debug|x64
		{6526F6B7-6F46-4A1F-84FD-29147EDA4801}.Debug|x64.Build.0 = Debug|x64
		{6526F6B7-6F46-4A1F-84FD-29147EDA4801}.Debug|x86.ActiveCfg = Debug|Win32
		{6526F6B7-6F46-4A1F-84FD-29147EDA4801}.Debug|x86.Build.0 = Debug|Win32
		{6526F6B7-6F46-4A1F-84FD-29147EDA4801}.Release|x64.ActiveCfg = Release|x64
		{6526F6B7-6F46-4A1F-84FD-29147EDA4801}.Release|x64.Build.0 = Release|x64
		{6526F6B7-6F46-4A1F-84FD-29147EDA4801}.Release|x86.ActiveCfg = Release|Win32
		{6526F6B7-6F46-4A1F-84FD-29147EDA4801}.Release|x86.Build.0 = Release|Win32
		{CC416A83-BDEB-440D-B4E3-75B4CF3859D4}.Debug|x64.ActiveCfg = Debug|x64
		{CC416A83-BDEB-440D-B4E3-75B4CF3859D4}.Debug|x64.Build.0 = Debug|x64
		{CC416A83-BDEB-440D-B4E3-75B4CF3859D4}.Debug|x86.ActiveCfg = Debug|Win32
		{CC416A83-BDEB-440D-B4E3-75B4CF3859D4}.Debug|x86.Build.0 = Debug|Win32
		{CC416A83-BDEB-440D-B4E3-75B4CF3859D4}.Release|x64.ActiveCfg = Release|x64
		{CC416A83-BDEB-440D-B4E3-75B4CF3859D4}.Release|x64.Build.0 = Release|x64
		{CC416A83-BDEB-440D-B4E3-75B4CF3859D4}.Release|x86.ActiveCfg = Release|Win32
		{CC416A83-BDEB-440D-B4E3-75B4CF3859D4}.Release|x86.Build.0 = Release|Win32
		{C2CDEC24-575E-4B3C-9B61-DEE5F7077DA3}.Debug|x64.ActiveCfg = Debug|x64
		{C2CDEC24-575E-4B3C-9B61-DEE5F7077DA3}.Debug|x64.Build.0 = Debug|x64
		{C2CDEC24-575E-4B3C-9B61-DEE5F7077DA3}.Debug|x86.ActiveCfg = Debug|Win32
		{C2CDEC24-575E-4B3C-9B61-DEE5F7077DA3}.Debug|x86.Build.0 = Debug|Win32
		{C2CDEC24-575E-4B3C-9B61-DEE5F7077DA3}.Release|x64.ActiveCfg = Release|x64
		{C2CDEC24-575E-4B3C-9B61-DEE5F7077DA3}.Release|x64.Build.0 = Release|x64
		{C2CDEC24-575E-4B3C-9B61-DEE5F7077DA3}.Release|x86.ActiveCfg = Release|Win32
		{C2CDEC24-575E-4B3C-9B61-DEE5F7077DA3}.Release|x86.Build.0 = Release|Win32
		{A9B13715-63F4-4FD4-A177-E78F7123FA8C}.Debug|x64.ActiveCfg = Debug|x64
		{A9B13715-63F4-4FD4-A177-E78F7123FA8C}.Debug|x64.Build.0 = Debug|x64
		{A9B13715-63F4-4FD4-A177-E78F7123FA8C}.Debug|x86.ActiveCfg = Debug|Win32
		{A9B13715-63F4-4FD4-A177-E78F7123FA8C}.Debug|x86.Build.0 = Debug|Win32
		{A9B13715-63F4-4FD4-A177-E78F7123FA8C}.Release|x64.ActiveCfg = Release|x64
		{A9B13715-63F4-4FD4-A177-E78F7123FA8C}.Release|x64.Build.0 = Release|x64
		{A9B13715-63F4-4FD4-A177-E78F7123FA8C}.Release|x86.ActiveCfg = Release|Win32
		{A9B13715-63F4-4FD4-A177-E78F7123FA8C}.Release|x86.Build.0 = Release|Win32
		{5D16A599-7E33-4A7A-AC52-1B19CCC980A4}.Debug|x64.ActiveCfg = Debug|x64
		{5D16A599-7E33-4A7A-AC52-1B19CCC980A4}.Debug|x64.Build.0 = Debug|x64
		{5D16A599-7E33-4A7A-AC52-1B19CCC980A4}.Debug|x86.ActiveCfg = Debug|Win32
		{5D16A599-7E33-4A7A-AC52-1B19CCC980A4}.Debug|x86.Build.0 = Debug|Win32
		{5D16A599-7E33-4A7A-AC52-1B19CCC980A4}.Release|x64.ActiveCfg = Release|x64
		{5D16A599-7E33-4A7A-AC52-1B19CCC980A4}.Release|x64.Build.0 = Release|x64
		{5D16A599-7E33-4A7A-AC52-1B19CCC980A4}.Release|x86.ActiveCfg = Release|Win32
		{5D16A599-7E33-4A7A-AC52-1B19CCC980A4}.Release|x86.Build.0 = Release|Win32
		{D3B898EA-17EE-4CEE-B2FA-9AE575EB5C5B}.Debug|x64.ActiveCfg = Debug|x64
		{D3B898EA-17EE-4CEE-B2FA-9AE575EB5C5B}.Debug|x64.Build.0 = Debug|x64
		{D3B898EA-17EE-4CEE-B2FA-9AE575EB5C5B}.Debug|x86.ActiveCfg = Debug|Win32
		{D3B898EA-17EE-4CEE-B2FA-9AE575EB5C5B}.Debug|x86.Build.0 = Debug|Win32
		{D3B898EA-17EE-4CEE-B2FA-9AE575EB5C5B}.Release|x64.ActiveCfg = Release|x64
		{D3B898EA-17EE-4CEE-B2FA-9AE575EB5C5B}.Release|x64.Build.0 = Release|x64
		{D3B898EA-17EE-4CEE-B2FA-9AE575EB5C5B}.Release|x86.ActiveCfg = Release|Win32
		{D3B898EA-17EE-4CEE-B2FA-9AE575EB5C5B}.Release|x86.Build.0 = Release|Win32
		{854416E5-DA49-45B3-AEA8-9432FD3ED0C0}.Debug|x64.ActiveCfg = Debug|x64
		{854416E5-DA49-45B3-AEA8-9432FD3ED0C0}.Debug|x64.Build.0 = Debug|x64
		{854416E5-DA49-45B3-AEA8-9432FD3ED0C0}.Debug|x86.ActiveCfg = Debug|Win32
		{854416E5-DA49-45B3-AEA8-9432FD3ED0C0}.Debug|x86.Build.0 = Debug|Win32
		{854416E5-DA49-45B3-AEA8-9432FD3ED0C0}.Release|x64.ActiveCfg = Release|x64
		{854416E5-DA49-45B3-AEA8-9432FD3ED0C0}.Release|x64.Build.0 = Release|x64
		{854416E5-DA49-45B3-AEA8-9432FD3ED0C0}.Release|x86.ActiveCfg = Release|Win32
		{854416E5-DA49-45B3-AEA8-9432FD3ED0C0}.Release|x86.Build.0 = Release|Win32
		{FC887403-6247-4829-AAA7-70C7BCF5639C}.Debug|x64.ActiveCfg = Debug|x64
		{FC887403-6247-4829-AAA7-70C7BCF5639C}.Debug|x64.Build.0 = Debug|x64
		{FC887403-6247-4829-AAA7-70C7BCF5639C}.Debug|x86.ActiveCfg = Debug|Win32
		{FC887403-6247-4829-AAA7-70C7BCF5639C}.Debug|x86.Build.0 = Debug|Win32
		{FC887403-6247-4829-AAA7-70C7BCF5639C}.Release|x64.ActiveCfg = Release|x64
		{FC887403-6247-4829-AAA7-70C7BCF5639C}.Release|x64.Build.0 = Release|x64
		{FC887403-6247-4829-AAA7-70C7BCF5639C}.Release|x86.ActiveCfg = Release|Win32
		{FC887403-6247-4829-AAA7-70C7BCF5639C}.Release|x86.Build.0 = Release|Win32
		{A4907C94-BD33-4528-9486-35D1368B9273}.Debug|x64.ActiveCfg = Debug|x64
		{A4907C94-BD33-4528-9486-35D1368B9273}.Debug|x64.Build.0 = Debug|x64
		{A4907C94-BD33-4528-9486-35D1368B9273}.Debug|x86.ActiveCfg = Debug|Win32
		{A4907C94-BD33-4528-9486-35D1368B9273}.Debug|x86.Build.0 = Debug|Win32
		{A4907C94-BD33-4528-9486-35D1368B9273}.Release|x64.ActiveCfg = Release|x64
		{A4907C94-BD33-4528-9486-35D1368B9273}.Release|x64.Build.0 = Release|x64
		{A4907C94-BD33-4528-9486-35D1368B9273}.Release|x86.ActiveCfg = Release|Win32
		{A4907C94-BD33-4528-9486-35D1368B9273}.Release|x86.Build.0 = Release|Win32
		{7A372EE2-B237-436A-8F31-DBB735EEE5D2}.Debug|x64.ActiveCfg = Debug|x64
		{7A372EE2-B237-436A-8F31-DBB735EEE5D2}.Debug|x64.Build.0 = Debug|x64
		{7A372EE2-B237-436A-8F31-DBB735EEE5D2}.Debug|x86.ActiveCfg = Debug|Win32
		{7A372EE2-B237-436A-8F31-DBB735EEE5D2}.Debug|x86.Build.0 = Debug|Win32
		{7A372EE2-B237-436A-8F31-DBB735EEE5D2}.Release|x64.ActiveCfg = Release|x64
		{7A372EE2-B237-436A-8F31-DBB735EEE5D2}.Release|x64.Build.0 = Release|x64
		{7A372EE2-B237-436A-8F31-DBB735EEE5D2}.Release|x86.ActiveCfg = Release|Win32
		{7A372EE2-B237-436A-8F31-DBB735EEE5D2}.Release|x86.Build.0 = Release|Win32
		{1A1764E5-7770-497C-9795-1F0DEA49C13D}.Debug|x64.ActiveCfg = Debug|x64
		{1A1764E5-7770-497C-9795-1F0DEA49C13D}.Debug|x64.Build.0 = Debug|x64
		{1A1764E5-7770-497C-9795-1F0DEA49C13D}.Debug|x86.ActiveCfg = Debug|Win32
		{1A1764E5-7770-497C-9795-1F0DEA49C13D}.Debug|x86.Build.0 = Debug|Win32
		{1A1764E5-7770-497C-9795-1F0DEA49C13D}.Release|x64.ActiveCfg = Release|x64
		{1A1764E5-7770-497C-9795-1F0DEA49C13D}.Release|x64.Build.0 = Release|x64
		{1A1764E5-7770-497C-9795-1F0DEA49C13D}.Release|x86.ActiveCfg = Release|Win32
		{1A1764E5-7770-497C-9795-1F0DEA49C13D}.Release|x86.Build.0 = Release|Win32
		{0E52B0C8-02E4-4DE5-80A3-2CE7B9981A77}.Debug|x64.ActiveCfg = Debug|x64
		{0E52B0C8-02E4-4DE5-80A3-2CE7B9981A77}.Debug|x64.Build.0 = Debug|x64
		{0E52B0C8-02E4-4DE5-80A3-2CE7B9981A77}.Debug|x86.ActiveCfg = Debug|Win32
		{0E52B0C8-02E4-4DE5-80A3-2CE7B9981A77}.Debug|x86.Build.0 = Debug|Win32
		{0E52B0C8-02E4-4DE5-80A3-2CE7B9981A77}.Release|x64.ActiveCfg = Release|x64
		{0E52B0C8-02E4-4DE5-80A3-2CE7B9981A77}.Release|x64.Build.0 = Release|x64
		{0E52B0C8-02E4-4DE5-80A3-2CE7B9981A77}.Release|x86.ActiveCfg = Release|Win32
		{0E52B0C8-02E4-4DE5-80A3-2CE7B9981A77}.Release|x86.Build.0 = Release|Win32
		{7042A815-1E5C-46B3-A662-A00FE8067352}.Debug|x64.ActiveCfg = Debug|x64
		{7042A815-1E5C-46B3-A662-A00FE8067352}.Debug|x64.Build.0 = Debug|x64
		{7042A815-1E5C-46B3-A662-A00FE8067352}.Debug|x86.ActiveCfg = Debug|Win32
		{7042A815-1E5C-46B3-A662-A00FE8067352}.Debug|x86.Build.0 = Debug|Win32
		{7042A815-1E5C-46B3-A662-A00FE8067352}.Release|x64.ActiveCfg = Release|x64
		{7042A815-1E5C-46B3-A662-A00FE8067352}.Release|x64.Build.0 = Release|x64
		{7042A815-1E5C-46B3-A662-A00FE8067352}.Release|x86.ActiveCfg = Release|Win32
		{7042A815-1E5C-46B3-A662-A00FE8067352}.Release|x86.Build.0 = Release|Win32
		{3800D681-E147-4848-896F-D608DE837A00}.Debug|x64.ActiveCfg = Debug|x64
		{3800D681-E147-4848-896F-D608DE837A00}.Debug|x64.Build.0 = Debug|x64
		{3800D681-E147-4848-896F-D608DE837A00}.Debug|x86.ActiveCfg = Debug|Win32
		{3800D681-E147-4848-896F-D608DE837A00}.Debug|x86.Build.0 = Debug|Win32
		{3800D681-E147-4848-896F-D608DE837A00}.Release|x64.ActiveCfg = Release|x64
		{3800D681-E147-4848-896F-D608DE837A00}.Release|x64.Build.0 = Release|x64
		{3800D681-E147-4848-896F-D608DE837A00}.Release|x86.ActiveCfg = Release|Win32
		{3800D681-E147-4848-896F-D608DE837A00}.Release|x86.Build.0 = Release|Win32
		{39973D14-8234-403D-BE52-721F76ABE468}.Debug|x64.ActiveCfg = Debug|x64
		{39973D14-8234-403D-BE52-721F76ABE468}.Debug|x64.Build.0 = Debug|x64
		{39973D14-8234-403D-BE52-721F76ABE468}.Debug|x86.ActiveCfg = Debug|Win32
		{39973D14-8234-403D-BE52-721F76ABE468}.Debug|x86.Build.0 = Debug|Win32
		{39973D14-8234-403D-BE52-721F76ABE468}.Release|x64.ActiveCfg = Release|x64
		{39973D14-8234-403D-BE52-721F76ABE468}.Release|x64.Build.0 = Release|x64
		{39973D14-8234-403D-BE52-721F76ABE468}.Release|x86.ActiveCfg = Release|Win32
		{39973D14-8234-403D-BE52-721F76ABE468}.Release|x86.Build.0 = Release|Win32
		{B743C2FD-D4FB-4B5B-9C20-E61DD9081492}.Debug|x64.ActiveCfg = Debug|x64
		{B743C2FD-D4FB-4B5B-9C20-E61DD9081492}.Debug|x64.Build.0 = Debug|x64
		{B743C2FD-D4FB-4B5B-9C20-E61DD9081492}.Debug|x86.ActiveCfg = Debug|Win32
		{B743C2FD-D4FB-4B5B-9C20-E61DD9081492}.Debug|x86.Build.0 = Debug|Win32
		{B743C2FD-D4FB-4B5B-9C20-E61DD9081492}.Release|x64.ActiveCfg = Release|x64
		{B743C2FD-D4FB-4B5B-9C20-E61DD9081492}.Release|x64.Build.0 = Release|x64
		{B743C2FD-D4FB-4B5B-9C20-E61DD9081492}.Release|x86.ActiveCfg = Release|Win32
		{B743C2FD-D4FB-4B5B-9C20-E61DD9081492}.Release|x86.Build.0 = Release|Win32
		{B929CD04-AD4C-4561-B186-3544B9A4C1E6}.Debug|x64.ActiveCfg = Debug|x64
		{B929CD04-AD4C-4561-B186-3544B9A4C1E6}.Debug|x64.Build.0 = Debug|x64
		{B929CD04-AD4C-4561-B186-3544B9A4C1E6}.Debug|x86.ActiveCfg = Debug|Win32
		{B929CD04-AD4C-4561-B186-3544B9A4C1E6}.Debug|x86.Build.0 = Debug|Win32
		{B929CD04-AD4C-4561-B186-3544B9A4C1E6}.Release|x64.ActiveCfg = Release|x64
		{B929CD04-AD4C-4561-B186-3544B9A4C1E6}.Release|x64.Build.0 = Release|x64
		{B929CD04-AD4C-4561-B186-3544B9A4C1E6}.Release|x86.ActiveCfg = Release|Win32
		{B929CD04-AD4C-4561-B186-3544B9A4C1E6}.Release|x86.Build.0 = Release|Win32
		{B594E5AE-AA04-4643-B5DB-912893AF8A23}.Debug|x64.ActiveCfg = Debug|x64
		{B594E5AE-AA04-4643-B5DB-912893AF8A23}.Debug|x64.Build.0 = Debug|x64
		{B594E5AE-AA04-4643-B5DB-912893AF8A23}.Debug|x86.ActiveCfg = Debug|Win32
		{B594E5AE-AA04-4643-B5DB-912893AF8A23}.Debug|x86.Build.0 = Debug|Win32
		{B594E5AE-AA04-4643-B5DB-912893AF8A23}.Release|x64.ActiveCfg = Release|x64
		{B594E5AE-AA04-4643-B5DB-912893AF8A23}.Release|x64.Build.0 = Release|x64
		{B594E5AE-AA04-4643-B5DB-912893AF8A23}.Release|x86.ActiveCfg = Release|Win32
		{B594E5AE-AA04-4643-B5DB-912893AF8A23}.Release|x86.Build.0 = Release|Win32
	EndGlobalSection
	GlobalSection(SolutionProperties) = preSolution
		HideSolutionNode = FALSE
	EndGlobalSection
	GlobalSection(ExtensibilityGlobals) = postSolution
		SolutionGuid = {43493882-7C05-467B-AC5C-AA3E26DD5956}
	EndGlobalSection
EndGlobal
